{
  "version": 4,
  "terraform_version": "1.1.2",
  "serial": 226,
  "lineage": "36ae3fbc-3458-2e02-1fe9-197198c77967",
  "outputs": {},
  "resources": [
    {
      "mode": "managed",
      "type": "oci_core_internet_gateway",
      "name": "tetraterra_ig",
      "provider": "provider[\"registry.terraform.io/hashicorp/oci\"]",
      "instances": [
        {
          "schema_version": 0,
          "attributes": {
            "compartment_id": "ocid1.tenancy.oc1..aaaaaaaaufz4o6yodhwyokreieytzczlay5yb5bqyjmczurx2xcrc2pl2xhq",
            "defined_tags": {
              "Oracle-Tags.CreatedBy": "asudarsanan",
              "Oracle-Tags.CreatedOn": "2021-12-21T04:02:24.488Z"
            },
            "display_name": "teradata_ig",
            "enabled": true,
            "freeform_tags": {},
            "id": "ocid1.internetgateway.oc1.eu-amsterdam-1.aaaaaaaaouk4okyxn37tivdphgxobgcijm5nnaguvfdk4tbsnh5twx3hjdsa",
            "state": "AVAILABLE",
            "time_created": "2021-12-21 04:02:24.533 +0000 UTC",
            "timeouts": null,
            "vcn_id": "ocid1.vcn.oc1.eu-amsterdam-1.amaaaaaah2qi2uiacbks6dfyttxb6zywc3auernxgyru3cy6usmou2ggdm5a"
          },
          "sensitive_attributes": [],
          "private": "eyJlMmJmYjczMC1lY2FhLTExZTYtOGY4OC0zNDM2M2JjN2M0YzAiOnsiY3JlYXRlIjoxMjAwMDAwMDAwMDAwLCJkZWxldGUiOjEyMDAwMDAwMDAwMDAsInVwZGF0ZSI6MTIwMDAwMDAwMDAwMH19",
          "dependencies": [
            "oci_core_vcn.vcn"
          ]
        }
      ]
    },
    {
      "mode": "managed",
      "type": "oci_core_subnet",
      "name": "teratetrra_subnet_pub",
      "provider": "provider[\"registry.terraform.io/hashicorp/oci\"]",
      "instances": [
        {
          "schema_version": 0,
          "attributes": {
            "availability_domain": null,
            "cidr_block": "172.16.0.0/24",
            "compartment_id": "ocid1.tenancy.oc1..aaaaaaaaufz4o6yodhwyokreieytzczlay5yb5bqyjmczurx2xcrc2pl2xhq",
            "defined_tags": {
              "Oracle-Tags.CreatedBy": "asudarsanan",
              "Oracle-Tags.CreatedOn": "2021-12-21T04:02:24.975Z"
            },
            "dhcp_options_id": "ocid1.dhcpoptions.oc1.eu-amsterdam-1.aaaaaaaarcnp2k3jfm6hjzxqqxzpij4ox7ryvce3ggz4q6ebtcawlpgw6qiq",
            "display_name": "teradata-pub",
            "dns_label": "teradata",
            "freeform_tags": {},
            "id": "ocid1.subnet.oc1.eu-amsterdam-1.aaaaaaaamya5seui3fpyh5bmgminettncnwkyoj2ev2kvi2txf75fkyqoo7a",
            "ipv6cidr_block": null,
            "ipv6virtual_router_ip": null,
            "prohibit_internet_ingress": false,
            "prohibit_public_ip_on_vnic": false,
            "route_table_id": "ocid1.routetable.oc1.eu-amsterdam-1.aaaaaaaaag6od47y3kfmmdvmer5obkyhhigmsaubh7g5wvd32cyt7hkffjsq",
            "security_list_ids": [
              "ocid1.securitylist.oc1.eu-amsterdam-1.aaaaaaaahyzo7ukgidp2bm2yh3gnmvramhwcwpgjqtpxx7chhr7wpmod6gba"
            ],
            "state": "AVAILABLE",
            "subnet_domain_name": "teradata.teradata.oraclevcn.com",
            "time_created": "2021-12-21 04:02:25.033 +0000 UTC",
            "timeouts": null,
            "vcn_id": "ocid1.vcn.oc1.eu-amsterdam-1.amaaaaaah2qi2uiacbks6dfyttxb6zywc3auernxgyru3cy6usmou2ggdm5a",
            "virtual_router_ip": "172.16.0.1",
            "virtual_router_mac": "00:00:17:EB:0A:C3"
          },
          "sensitive_attributes": [],
          "private": "eyJlMmJmYjczMC1lY2FhLTExZTYtOGY4OC0zNDM2M2JjN2M0YzAiOnsiY3JlYXRlIjoxMjAwMDAwMDAwMDAwLCJkZWxldGUiOjEyMDAwMDAwMDAwMDAsInVwZGF0ZSI6MTIwMDAwMDAwMDAwMH19",
          "dependencies": [
            "oci_core_vcn.vcn"
          ]
        }
      ]
    },
    {
      "mode": "managed",
      "type": "oci_core_vcn",
      "name": "vcn",
      "provider": "provider[\"registry.terraform.io/hashicorp/oci\"]",
      "instances": [
        {
          "schema_version": 0,
          "attributes": {
            "cidr_block": "172.16.0.0/20",
            "cidr_blocks": [
              "172.16.0.0/20"
            ],
            "compartment_id": "ocid1.tenancy.oc1..aaaaaaaaufz4o6yodhwyokreieytzczlay5yb5bqyjmczurx2xcrc2pl2xhq",
            "default_dhcp_options_id": "ocid1.dhcpoptions.oc1.eu-amsterdam-1.aaaaaaaarcnp2k3jfm6hjzxqqxzpij4ox7ryvce3ggz4q6ebtcawlpgw6qiq",
            "default_route_table_id": "ocid1.routetable.oc1.eu-amsterdam-1.aaaaaaaaag6od47y3kfmmdvmer5obkyhhigmsaubh7g5wvd32cyt7hkffjsq",
            "default_security_list_id": "ocid1.securitylist.oc1.eu-amsterdam-1.aaaaaaaahyzo7ukgidp2bm2yh3gnmvramhwcwpgjqtpxx7chhr7wpmod6gba",
            "defined_tags": {
              "Oracle-Tags.CreatedBy": "asudarsanan",
              "Oracle-Tags.CreatedOn": "2021-12-21T04:02:23.247Z"
            },
            "display_name": "teradata_vcn",
            "dns_label": "teradata",
            "freeform_tags": {},
            "id": "ocid1.vcn.oc1.eu-amsterdam-1.amaaaaaah2qi2uiacbks6dfyttxb6zywc3auernxgyru3cy6usmou2ggdm5a",
            "ipv6cidr_blocks": [],
            "is_ipv6enabled": false,
            "state": "AVAILABLE",
            "time_created": "2021-12-21 04:02:23.359 +0000 UTC",
            "timeouts": null,
            "vcn_domain_name": "teradata.oraclevcn.com"
          },
          "sensitive_attributes": [],
          "private": "eyJlMmJmYjczMC1lY2FhLTExZTYtOGY4OC0zNDM2M2JjN2M0YzAiOnsiY3JlYXRlIjoxMjAwMDAwMDAwMDAwLCJkZWxldGUiOjEyMDAwMDAwMDAwMDAsInVwZGF0ZSI6MTIwMDAwMDAwMDAwMH19"
        }
      ]
    }
  ]
}
