{
  "version": 4,
  "terraform_version": "1.1.0",
  "serial": 20,
  "lineage": "36ae3fbc-3458-2e02-1fe9-197198c77967",
  "outputs": {
    "subnet_cidr": {
      "value": "172.16.0.0/24",
      "type": "string"
    },
    "vcn_state": {
      "value": "AVAILABLE",
      "type": "string"
    }
  },
  "resources": [
    {
      "mode": "managed",
      "type": "oci_core_subnet",
      "name": "trial",
      "provider": "provider[\"registry.terraform.io/hashicorp/oci\"]",
      "instances": [
        {
          "schema_version": 0,
          "attributes": {
            "availability_domain": null,
            "cidr_block": "172.16.0.0/24",
            "compartment_id": "ocid1.tenancy.oc1..aaaaaaaaufz4o6yodhwyokreieytzczlay5yb5bqyjmczurx2xcrc2pl2xhq",
            "defined_tags": {
              "Oracle-Tags.CreatedBy": "asudarsanan",
              "Oracle-Tags.CreatedOn": "2021-12-11T09:11:34.446Z"
            },
            "dhcp_options_id": "ocid1.dhcpoptions.oc1.eu-amsterdam-1.aaaaaaaackyq4s3f74ugronqd52nqfgw6bmk2lmt5n22f22zqxs6e2ompzsa",
            "display_name": "Terraform-subnet",
            "dns_label": "trialsub",
            "freeform_tags": {},
            "id": "ocid1.subnet.oc1.eu-amsterdam-1.aaaaaaaa3vhypnlf5hldrs5bt2avxgsjmg535iehjlvl4dvm5qvumvi33a4a",
            "ipv6cidr_block": null,
            "ipv6virtual_router_ip": null,
            "prohibit_internet_ingress": true,
            "prohibit_public_ip_on_vnic": true,
            "route_table_id": "ocid1.routetable.oc1.eu-amsterdam-1.aaaaaaaal4i632ka6wfnxof7jjsokptuqx5jvkjryhtpxfcct55t5vvrmvxa",
            "security_list_ids": [
              "ocid1.securitylist.oc1.eu-amsterdam-1.aaaaaaaaewx4q45h65xlfaprjggcrqfdeor4lnapoyeh5cygmm54ldb6hfva"
            ],
            "state": "AVAILABLE",
            "subnet_domain_name": "trialsub.internal.oraclevcn.com",
            "time_created": "2021-12-11 09:11:34.502 +0000 UTC",
            "timeouts": null,
            "vcn_id": "ocid1.vcn.oc1.eu-amsterdam-1.amaaaaaah2qi2uiazhzqgt3q6ay6mywtc3cj5kaqsrtpql4sbkrgt5xjtjyq",
            "virtual_router_ip": "172.16.0.1",
            "virtual_router_mac": "00:00:17:E6:62:B2"
          },
          "sensitive_attributes": [],
          "private": "eyJlMmJmYjczMC1lY2FhLTExZTYtOGY4OC0zNDM2M2JjN2M0YzAiOnsiY3JlYXRlIjoxMjAwMDAwMDAwMDAwLCJkZWxldGUiOjEyMDAwMDAwMDAwMDAsInVwZGF0ZSI6MTIwMDAwMDAwMDAwMH19",
          "dependencies": [
            "oci_core_vcn.vcn"
          ]
        }
      ]
    },
    {
      "mode": "managed",
      "type": "oci_core_vcn",
      "name": "vcn",
      "provider": "provider[\"registry.terraform.io/hashicorp/oci\"]",
      "instances": [
        {
          "schema_version": 0,
          "attributes": {
            "cidr_block": "172.16.0.0/20",
            "cidr_blocks": [
              "172.16.0.0/20"
            ],
            "compartment_id": "ocid1.tenancy.oc1..aaaaaaaaufz4o6yodhwyokreieytzczlay5yb5bqyjmczurx2xcrc2pl2xhq",
            "default_dhcp_options_id": "ocid1.dhcpoptions.oc1.eu-amsterdam-1.aaaaaaaackyq4s3f74ugronqd52nqfgw6bmk2lmt5n22f22zqxs6e2ompzsa",
            "default_route_table_id": "ocid1.routetable.oc1.eu-amsterdam-1.aaaaaaaal4i632ka6wfnxof7jjsokptuqx5jvkjryhtpxfcct55t5vvrmvxa",
            "default_security_list_id": "ocid1.securitylist.oc1.eu-amsterdam-1.aaaaaaaaewx4q45h65xlfaprjggcrqfdeor4lnapoyeh5cygmm54ldb6hfva",
            "defined_tags": {
              "Oracle-Tags.CreatedBy": "asudarsanan",
              "Oracle-Tags.CreatedOn": "2021-12-11T09:11:33.309Z"
            },
            "display_name": "Terraform-VCN",
            "dns_label": "internal",
            "freeform_tags": {},
            "id": "ocid1.vcn.oc1.eu-amsterdam-1.amaaaaaah2qi2uiazhzqgt3q6ay6mywtc3cj5kaqsrtpql4sbkrgt5xjtjyq",
            "ipv6cidr_blocks": [],
            "is_ipv6enabled": false,
            "state": "AVAILABLE",
            "time_created": "2021-12-11 09:11:33.414 +0000 UTC",
            "timeouts": null,
            "vcn_domain_name": "internal.oraclevcn.com"
          },
          "sensitive_attributes": [],
          "private": "eyJlMmJmYjczMC1lY2FhLTExZTYtOGY4OC0zNDM2M2JjN2M0YzAiOnsiY3JlYXRlIjoxMjAwMDAwMDAwMDAwLCJkZWxldGUiOjEyMDAwMDAwMDAwMDAsInVwZGF0ZSI6MTIwMDAwMDAwMDAwMH19"
        }
      ]
    }
  ]
}
